<?xml version="1.0" encoding="utf-8"?>
<Project ToolsVersion="4.0" xmlns="http://schemas.microsoft.com/developer/msbuild/2003">
  <ItemGroup>
    <Filter Include="Source Files">
      <UniqueIdentifier>{e24ed102-e5a7-4aa2-919e-13040aca44aa}</UniqueIdentifier>
    </Filter>
    <Filter Include="Header Files">
      <UniqueIdentifier>{bc716956-032e-4bce-a7c5-dd86be7240c0}</UniqueIdentifier>
    </Filter>
    <Filter Include="Resource Files">
      <UniqueIdentifier>{38c3ee01-1895-4c8c-b11b-8cf0ae9055bc}</UniqueIdentifier>
    </Filter>
  </ItemGroup>
  <ItemGroup>
    <CustomBuild Include="game.def">
      <Filter>Source Files</Filter>
    </CustomBuild>
  </ItemGroup>
  <ItemGroup>
    <ClCompile Include="dm_ball.cpp">
      <Filter>Source Files</Filter>
    </ClCompile>
    <ClCompile Include="dm_tag.cpp">
      <Filter>Source Files</Filter>
    </ClCompile>
    <ClCompile Include="g_ai.cpp">
      <Filter>Source Files</Filter>
    </ClCompile>
    <ClCompile Include="g_chase.cpp">
      <Filter>Source Files</Filter>
    </ClCompile>
    <ClCompile Include="g_cmds.cpp">
      <Filter>Source Files</Filter>
    </ClCompile>
    <ClCompile Include="g_combat.cpp">
      <Filter>Source Files</Filter>
    </ClCompile>
    <ClCompile Include="g_func.cpp">
      <Filter>Source Files</Filter>
    </ClCompile>
    <ClCompile Include="g_items.cpp">
      <Filter>Source Files</Filter>
    </ClCompile>
    <ClCompile Include="g_main.cpp">
      <Filter>Source Files</Filter>
    </ClCompile>
    <ClCompile Include="g_misc.cpp">
      <Filter>Source Files</Filter>
    </ClCompile>
    <ClCompile Include="g_monster.cpp">
      <Filter>Source Files</Filter>
    </ClCompile>
    <ClCompile Include="g_newai.cpp">
      <Filter>Source Files</Filter>
    </ClCompile>
    <ClCompile Include="g_newdm.cpp">
      <Filter>Source Files</Filter>
    </ClCompile>
    <ClCompile Include="g_newfnc.cpp">
      <Filter>Source Files</Filter>
    </ClCompile>
    <ClCompile Include="g_newtarg.cpp">
      <Filter>Source Files</Filter>
    </ClCompile>
    <ClCompile Include="g_newtrig.cpp">
      <Filter>Source Files</Filter>
    </ClCompile>
    <ClCompile Include="g_newweap.cpp">
      <Filter>Source Files</Filter>
    </ClCompile>
    <ClCompile Include="g_phys.cpp">
      <Filter>Source Files</Filter>
    </ClCompile>
    <ClCompile Include="g_save.cpp">
      <Filter>Source Files</Filter>
    </ClCompile>
    <ClCompile Include="g_spawn.cpp">
      <Filter>Source Files</Filter>
    </ClCompile>
    <ClCompile Include="g_sphere.cpp">
      <Filter>Source Files</Filter>
    </ClCompile>
    <ClCompile Include="g_svcmds.cpp">
      <Filter>Source Files</Filter>
    </ClCompile>
    <ClCompile Include="g_target.cpp">
      <Filter>Source Files</Filter>
    </ClCompile>
    <ClCompile Include="g_trigger.cpp">
      <Filter>Source Files</Filter>
    </ClCompile>
    <ClCompile Include="g_turret.cpp">
      <Filter>Source Files</Filter>
    </ClCompile>
    <ClCompile Include="g_utils.cpp">
      <Filter>Source Files</Filter>
    </ClCompile>
    <ClCompile Include="g_weapon.cpp">
      <Filter>Source Files</Filter>
    </ClCompile>
    <ClCompile Include="m_actor.cpp">
      <Filter>Source Files</Filter>
    </ClCompile>
    <ClCompile Include="m_berserk.cpp">
      <Filter>Source Files</Filter>
    </ClCompile>
    <ClCompile Include="m_boss2.cpp">
      <Filter>Source Files</Filter>
    </ClCompile>
    <ClCompile Include="m_boss3.cpp">
      <Filter>Source Files</Filter>
    </ClCompile>
    <ClCompile Include="m_boss5.cpp">
      <Filter>Source Files</Filter>
    </ClCompile>
    <ClCompile Include="m_boss31.cpp">
      <Filter>Source Files</Filter>
    </ClCompile>
    <ClCompile Include="m_boss32.cpp">
      <Filter>Source Files</Filter>
    </ClCompile>
    <ClCompile Include="m_brain.cpp">
      <Filter>Source Files</Filter>
    </ClCompile>
    <ClCompile Include="m_carrier.cpp">
      <Filter>Source Files</Filter>
    </ClCompile>
    <ClCompile Include="m_chick.cpp">
      <Filter>Source Files</Filter>
    </ClCompile>
    <ClCompile Include="m_fixbot.cpp">
      <Filter>Source Files</Filter>
    </ClCompile>
    <ClCompile Include="m_flash.cpp">
      <Filter>Source Files</Filter>
    </ClCompile>
    <ClCompile Include="m_flipper.cpp">
      <Filter>Source Files</Filter>
    </ClCompile>
    <ClCompile Include="m_float.cpp">
      <Filter>Source Files</Filter>
    </ClCompile>
    <ClCompile Include="m_flyer.cpp">
      <Filter>Source Files</Filter>
    </ClCompile>
    <ClCompile Include="m_gekk.cpp">
      <Filter>Source Files</Filter>
    </ClCompile>
    <ClCompile Include="m_gladb.cpp">
      <Filter>Source Files</Filter>
    </ClCompile>
    <ClCompile Include="m_gladiator.cpp">
      <Filter>Source Files</Filter>
    </ClCompile>
    <ClCompile Include="m_gunner.cpp">
      <Filter>Source Files</Filter>
    </ClCompile>
    <ClCompile Include="m_hover.cpp">
      <Filter>Source Files</Filter>
    </ClCompile>
    <ClCompile Include="m_infantry.cpp">
      <Filter>Source Files</Filter>
    </ClCompile>
    <ClCompile Include="m_insane.cpp">
      <Filter>Source Files</Filter>
    </ClCompile>
    <ClCompile Include="m_medic.cpp">
      <Filter>Source Files</Filter>
    </ClCompile>
    <ClCompile Include="m_move.cpp">
      <Filter>Source Files</Filter>
    </ClCompile>
    <ClCompile Include="m_mutant.cpp">
      <Filter>Source Files</Filter>
    </ClCompile>
    <ClCompile Include="m_parasite.cpp">
      <Filter>Source Files</Filter>
    </ClCompile>
    <ClCompile Include="m_soldier.cpp">
      <Filter>Source Files</Filter>
    </ClCompile>
    <ClCompile Include="m_stalker.cpp">
      <Filter>Source Files</Filter>
    </ClCompile>
    <ClCompile Include="m_supertank.cpp">
      <Filter>Source Files</Filter>
    </ClCompile>
    <ClCompile Include="m_tank.cpp">
      <Filter>Source Files</Filter>
    </ClCompile>
    <ClCompile Include="m_turret.cpp">
      <Filter>Source Files</Filter>
    </ClCompile>
    <ClCompile Include="m_widow.cpp">
      <Filter>Source Files</Filter>
    </ClCompile>
    <ClCompile Include="m_widow2.cpp">
      <Filter>Source Files</Filter>
    </ClCompile>
    <ClCompile Include="p_client.cpp">
      <Filter>Source Files</Filter>
    </ClCompile>
    <ClCompile Include="p_hud.cpp">
      <Filter>Source Files</Filter>
    </ClCompile>
    <ClCompile Include="p_trail.cpp">
      <Filter>Source Files</Filter>
    </ClCompile>
    <ClCompile Include="p_view.cpp">
      <Filter>Source Files</Filter>
    </ClCompile>
    <ClCompile Include="p_weapon.cpp">
      <Filter>Source Files</Filter>
    </ClCompile>
    <ClCompile Include="q_shared.cpp">
      <Filter>Source Files</Filter>
    </ClCompile>
    <ClCompile Include="g_modeltrace.cpp">
      <Filter>Source Files</Filter>
    </ClCompile>
  </ItemGroup>
  <ItemGroup>
    <ClInclude Include="g_local.h">
      <Filter>Header Files</Filter>
    </ClInclude>
    <ClInclude Include="game.h">
      <Filter>Header Files</Filter>
    </ClInclude>
    <ClInclude Include="m_actor.h">
      <Filter>Header Files</Filter>
    </ClInclude>
    <ClInclude Include="m_berserk.h">
      <Filter>Header Files</Filter>
    </ClInclude>
    <ClInclude Include="m_boss2.h">
      <Filter>Header Files</Filter>
    </ClInclude>
    <ClInclude Include="m_boss31.h">
      <Filter>Header Files</Filter>
    </ClInclude>
    <ClInclude Include="m_boss32.h">
      <Filter>Header Files</Filter>
    </ClInclude>
    <ClInclude Include="m_brain.h">
      <Filter>Header Files</Filter>
    </ClInclude>
    <ClInclude Include="m_carrier.h">
      <Filter>Header Files</Filter>
    </ClInclude>
    <ClInclude Include="m_chick.h">
      <Filter>Header Files</Filter>
    </ClInclude>
    <ClInclude Include="m_fixbot.h">
      <Filter>Header Files</Filter>
    </ClInclude>
    <ClInclude Include="m_flipper.h">
      <Filter>Header Files</Filter>
    </ClInclude>
    <ClInclude Include="m_float.h">
      <Filter>Header Files</Filter>
    </ClInclude>
    <ClInclude Include="m_flyer.h">
      <Filter>Header Files</Filter>
    </ClInclude>
    <ClInclude Include="m_gekk.h">
      <Filter>Header Files</Filter>
    </ClInclude>
    <ClInclude Include="m_gladiator.h">
      <Filter>Header Files</Filter>
    </ClInclude>
    <ClInclude Include="m_gunner.h">
      <Filter>Header Files</Filter>
    </ClInclude>
    <ClInclude Include="m_hover.h">
      <Filter>Header Files</Filter>
    </ClInclude>
    <ClInclude Include="m_infantry.h">
      <Filter>Header Files</Filter>
    </ClInclude>
    <ClInclude Include="m_insane.h">
      <Filter>Header Files</Filter>
    </ClInclude>
    <ClInclude Include="m_medic.h">
      <Filter>Header Files</Filter>
    </ClInclude>
    <ClInclude Include="m_mutant.h">
      <Filter>Header Files</Filter>
    </ClInclude>
    <ClInclude Include="m_parasite.h">
      <Filter>Header Files</Filter>
    </ClInclude>
    <ClInclude Include="m_player.h">
      <Filter>Header Files</Filter>
    </ClInclude>
    <ClInclude Include="m_rider.h">
      <Filter>Header Files</Filter>
    </ClInclude>
    <ClInclude Include="m_soldier.h">
      <Filter>Header Files</Filter>
    </ClInclude>
    <ClInclude Include="m_soldierh.h">
      <Filter>Header Files</Filter>
    </ClInclude>
    <ClInclude Include="m_stalker.h">
      <Filter>Header Files</Filter>
    </ClInclude>
    <ClInclude Include="m_supertank.h">
      <Filter>Header Files</Filter>
    </ClInclude>
    <ClInclude Include="m_tank.h">
      <Filter>Header Files</Filter>
    </ClInclude>
    <ClInclude Include="m_turret.h">
      <Filter>Header Files</Filter>
    </ClInclude>
    <ClInclude Include="m_widow.h">
      <Filter>Header Files</Filter>
    </ClInclude>
    <ClInclude Include="m_widow2.h">
      <Filter>Header Files</Filter>
    </ClInclude>
    <ClInclude Include="q_shared.h">
      <Filter>Header Files</Filter>
    </ClInclude>
    <ClInclude Include="g_modeltrace.h">
      <Filter>Header Files</Filter>
    </ClInclude>
  </ItemGroup>
</Project>