
Microsoft Visual Studio Solution File, Format Version 12.00
# Visual Studio 14
VisualStudioVersion = 14.0.22609.0
MinimumVisualStudioVersion = 10.0.40219.1
Project("{8BC9CEB8-8B4A-11D0-8D11-00A0C91BC942}") = "game", "game.vcxproj", "{04C710CD-9765-482C-AB05-31ADAC1F40FC}"
EndProject
Global
	GlobalSection(SolutionConfigurationPlatforms) = preSolution
		Debug|Win32 = Debug|Win32
		Release|Win32 = Release|Win32
	EndGlobalSection
	GlobalSection(ProjectConfigurationPlatforms) = postSolution
		{04C710CD-9765-482C-AB05-31ADAC1F40FC}.Debug|Win32.ActiveCfg = Debug|Win32
		{04C710CD-9765-482C-AB05-31ADAC1F40FC}.Debug|Win32.Build.0 = Debug|Win32
		{04C710CD-9765-482C-AB05-31ADAC1F40FC}.Release|Win32.ActiveCfg = Release|Win32
		{04C710CD-9765-482C-AB05-31ADAC1F40FC}.Release|Win32.Build.0 = Release|Win32
	EndGlobalSection
	GlobalSection(SolutionProperties) = preSolution
		HideSolutionNode = FALSE
	EndGlobalSection
EndGlobal
